Microsoft Visual Studio Solution File, Format Version 12.00
# Visual Studio 2012
Project("{FAE04EC0-301F-11D3-BF4B-00C04F79EFBC}") = "Godot Standard Assets", "Godot Standard Assets.csproj", "{BC0ADBCA-DEE3-4F0E-AD9C-D57723A14A1A}"
EndProject
Global
	GlobalSection(SolutionConfigurationPlatforms) = preSolution
	Debug|Any CPU = Debug|Any CPU
	ExportDebug|Any CPU = ExportDebug|Any CPU
	ExportRelease|Any CPU = ExportRelease|Any CPU
	EndGlobalSection
	GlobalSection(ProjectConfigurationPlatforms) = postSolution
		{BC0ADBCA-DEE3-4F0E-AD9C-D57723A14A1A}.Debug|Any CPU.ActiveCfg = Debug|Any CPU
		{BC0ADBCA-DEE3-4F0E-AD9C-D57723A14A1A}.Debug|Any CPU.Build.0 = Debug|Any CPU
		{BC0ADBCA-DEE3-4F0E-AD9C-D57723A14A1A}.ExportDebug|Any CPU.ActiveCfg = ExportDebug|Any CPU
		{BC0ADBCA-DEE3-4F0E-AD9C-D57723A14A1A}.ExportDebug|Any CPU.Build.0 = ExportDebug|Any CPU
		{BC0ADBCA-DEE3-4F0E-AD9C-D57723A14A1A}.ExportRelease|Any CPU.ActiveCfg = ExportRelease|Any CPU
		{BC0ADBCA-DEE3-4F0E-AD9C-D57723A14A1A}.ExportRelease|Any CPU.Build.0 = ExportRelease|Any CPU
	EndGlobalSection
EndGlobal
